
Microsoft Visual Studio Solution File, Format Version 12.00
# Visual Studio Version 16
VisualStudioVersion = 16.0.30114.105
MinimumVisualStudioVersion = 10.0.40219.1
Project("{FAE04EC0-301F-11D3-BF4B-00C04F79EFBC}") = "TareaListas", "TareaListas\TareaListas.csproj", "{A1288F2A-AB60-48C8-8790-E0C050E5EC82}"
EndProject
Global
	GlobalSection(SolutionConfigurationPlatforms) = preSolution
		Debug|Any CPU = Debug|Any CPU
		Release|Any CPU = Release|Any CPU
	EndGlobalSection
	GlobalSection(ProjectConfigurationPlatforms) = postSolution
		{A1288F2A-AB60-48C8-8790-E0C050E5EC82}.Debug|Any CPU.ActiveCfg = Debug|Any CPU
		{A1288F2A-AB60-48C8-8790-E0C050E5EC82}.Debug|Any CPU.Build.0 = Debug|Any CPU
		{A1288F2A-AB60-48C8-8790-E0C050E5EC82}.Release|Any CPU.ActiveCfg = Release|Any CPU
		{A1288F2A-AB60-48C8-8790-E0C050E5EC82}.Release|Any CPU.Build.0 = Release|Any CPU
	EndGlobalSection
	GlobalSection(SolutionProperties) = preSolution
		HideSolutionNode = FALSE
	EndGlobalSection
	GlobalSection(ExtensibilityGlobals) = postSolution
		SolutionGuid = {1A2DEDDD-0708-4268-8832-0E8F5CFD193C}
	EndGlobalSection
EndGlobal
